
Microsoft Visual Studio Solution File, Format Version 11.00
# Visual Studio 2010
Project("{8BC9CEB8-8B4A-11D0-8D11-00A0C91BC942}") = "AMS", "AMS.vcxproj", "{4253188E-C104-46B3-9C35-95D108742184}"
EndProject
Project("{8BC9CEB8-8B4A-11D0-8D11-00A0C91BC942}") = "AMS_test", "AMS_test\AMS_test.vcxproj", "{F2B629DD-0AB3-48C7-A2A8-8BB84F6C240B}"
	ProjectSection(ProjectDependencies) = postProject
		{4253188E-C104-46B3-9C35-95D108742184} = {4253188E-C104-46B3-9C35-95D108742184}
	EndProjectSection
EndProject
Global
	GlobalSection(SolutionConfigurationPlatforms) = preSolution
		Debug|Win32 = Debug|Win32
		Release|Win32 = Release|Win32
	EndGlobalSection
	GlobalSection(ProjectConfigurationPlatforms) = postSolution
		{4253188E-C104-46B3-9C35-95D108742184}.Debug|Win32.ActiveCfg = Debug|Win32
		{4253188E-C104-46B3-9C35-95D108742184}.Debug|Win32.Build.0 = Debug|Win32
		{4253188E-C104-46B3-9C35-95D108742184}.Release|Win32.ActiveCfg = Release|Win32
		{4253188E-C104-46B3-9C35-95D108742184}.Release|Win32.Build.0 = Release|Win32
		{F2B629DD-0AB3-48C7-A2A8-8BB84F6C240B}.Debug|Win32.ActiveCfg = Debug|Win32
		{F2B629DD-0AB3-48C7-A2A8-8BB84F6C240B}.Debug|Win32.Build.0 = Debug|Win32
		{F2B629DD-0AB3-48C7-A2A8-8BB84F6C240B}.Release|Win32.ActiveCfg = Release|Win32
		{F2B629DD-0AB3-48C7-A2A8-8BB84F6C240B}.Release|Win32.Build.0 = Release|Win32
	EndGlobalSection
	GlobalSection(SolutionProperties) = preSolution
		HideSolutionNode = FALSE
	EndGlobalSection
EndGlobal
